
Microsoft Visual Studio Solution File, Format Version 12.00
# Visual Studio Version 17
VisualStudioVersion = 17.4.33110.190
MinimumVisualStudioVersion = 10.0.40219.1
Project("{FAE04EC0-301F-11D3-BF4B-00C04F79EFBC}") = "ViewGUI", "ViewGUI\ViewGUI.csproj", "{64B39370-EC7F-413D-8BC6-813E707B8536}"
EndProject
Project("{FAE04EC0-301F-11D3-BF4B-00C04F79EFBC}") = "CalculationModel", "CalculationModel\CalculationModel.csproj", "{664DEDC9-923C-4485-99A4-38F7558FE7D9}"
EndProject
Project("{FAE04EC0-301F-11D3-BF4B-00C04F79EFBC}") = "DataBaseModel", "DataBaseModel\DataBaseModel.csproj", "{250051F0-D6DD-47A6-8112-1C7819552912}"
EndProject
Project("{FAE04EC0-301F-11D3-BF4B-00C04F79EFBC}") = "CK11Model", "CK11Model\CK11Model.csproj", "{1E719293-0CCC-49CD-AF9B-19F6C89BF8F1}"
EndProject
Project("{FAE04EC0-301F-11D3-BF4B-00C04F79EFBC}") = "lib60870", "lib60870\lib60870.csproj", "{F604286A-1AFC-4355-8C2C-A998CFCEE979}"
EndProject
Project("{FAE04EC0-301F-11D3-BF4B-00C04F79EFBC}") = "RastrWinModel", "RastrWinModel\RastrWinModel.csproj", "{B6377385-4F1F-465A-9A85-389C99BFCA74}"
EndProject
Global
	GlobalSection(SolutionConfigurationPlatforms) = preSolution
		Debug|Any CPU = Debug|Any CPU
		Debug|x64 = Debug|x64
		Debug|x86 = Debug|x86
		Release|Any CPU = Release|Any CPU
		Release|x64 = Release|x64
		Release|x86 = Release|x86
	EndGlobalSection
	GlobalSection(ProjectConfigurationPlatforms) = postSolution
		{64B39370-EC7F-413D-8BC6-813E707B8536}.Debug|Any CPU.ActiveCfg = Debug|x64
		{64B39370-EC7F-413D-8BC6-813E707B8536}.Debug|Any CPU.Build.0 = Debug|x64
		{64B39370-EC7F-413D-8BC6-813E707B8536}.Debug|x64.ActiveCfg = Debug|x64
		{64B39370-EC7F-413D-8BC6-813E707B8536}.Debug|x64.Build.0 = Debug|x64
		{64B39370-EC7F-413D-8BC6-813E707B8536}.Debug|x86.ActiveCfg = Debug|Any CPU
		{64B39370-EC7F-413D-8BC6-813E707B8536}.Debug|x86.Build.0 = Debug|Any CPU
		{64B39370-EC7F-413D-8BC6-813E707B8536}.Release|Any CPU.ActiveCfg = Release|Any CPU
		{64B39370-EC7F-413D-8BC6-813E707B8536}.Release|Any CPU.Build.0 = Release|Any CPU
		{64B39370-EC7F-413D-8BC6-813E707B8536}.Release|x64.ActiveCfg = Release|Any CPU
		{64B39370-EC7F-413D-8BC6-813E707B8536}.Release|x64.Build.0 = Release|Any CPU
		{64B39370-EC7F-413D-8BC6-813E707B8536}.Release|x86.ActiveCfg = Release|Any CPU
		{64B39370-EC7F-413D-8BC6-813E707B8536}.Release|x86.Build.0 = Release|Any CPU
		{664DEDC9-923C-4485-99A4-38F7558FE7D9}.Debug|Any CPU.ActiveCfg = Debug|Any CPU
		{664DEDC9-923C-4485-99A4-38F7558FE7D9}.Debug|Any CPU.Build.0 = Debug|Any CPU
		{664DEDC9-923C-4485-99A4-38F7558FE7D9}.Debug|x64.ActiveCfg = Debug|x64
		{664DEDC9-923C-4485-99A4-38F7558FE7D9}.Debug|x64.Build.0 = Debug|x64
		{664DEDC9-923C-4485-99A4-38F7558FE7D9}.Debug|x86.ActiveCfg = Debug|Any CPU
		{664DEDC9-923C-4485-99A4-38F7558FE7D9}.Debug|x86.Build.0 = Debug|Any CPU
		{664DEDC9-923C-4485-99A4-38F7558FE7D9}.Release|Any CPU.ActiveCfg = Release|Any CPU
		{664DEDC9-923C-4485-99A4-38F7558FE7D9}.Release|Any CPU.Build.0 = Release|Any CPU
		{664DEDC9-923C-4485-99A4-38F7558FE7D9}.Release|x64.ActiveCfg = Release|Any CPU
		{664DEDC9-923C-4485-99A4-38F7558FE7D9}.Release|x64.Build.0 = Release|Any CPU
		{664DEDC9-923C-4485-99A4-38F7558FE7D9}.Release|x86.ActiveCfg = Release|Any CPU
		{664DEDC9-923C-4485-99A4-38F7558FE7D9}.Release|x86.Build.0 = Release|Any CPU
		{250051F0-D6DD-47A6-8112-1C7819552912}.Debug|Any CPU.ActiveCfg = Debug|Any CPU
		{250051F0-D6DD-47A6-8112-1C7819552912}.Debug|Any CPU.Build.0 = Debug|Any CPU
		{250051F0-D6DD-47A6-8112-1C7819552912}.Debug|x64.ActiveCfg = Debug|x64
		{250051F0-D6DD-47A6-8112-1C7819552912}.Debug|x64.Build.0 = Debug|x64
		{250051F0-D6DD-47A6-8112-1C7819552912}.Debug|x86.ActiveCfg = Debug|Any CPU
		{250051F0-D6DD-47A6-8112-1C7819552912}.Debug|x86.Build.0 = Debug|Any CPU
		{250051F0-D6DD-47A6-8112-1C7819552912}.Release|Any CPU.ActiveCfg = Release|Any CPU
		{250051F0-D6DD-47A6-8112-1C7819552912}.Release|Any CPU.Build.0 = Release|Any CPU
		{250051F0-D6DD-47A6-8112-1C7819552912}.Release|x64.ActiveCfg = Release|Any CPU
		{250051F0-D6DD-47A6-8112-1C7819552912}.Release|x64.Build.0 = Release|Any CPU
		{250051F0-D6DD-47A6-8112-1C7819552912}.Release|x86.ActiveCfg = Release|Any CPU
		{250051F0-D6DD-47A6-8112-1C7819552912}.Release|x86.Build.0 = Release|Any CPU
		{1E719293-0CCC-49CD-AF9B-19F6C89BF8F1}.Debug|Any CPU.ActiveCfg = Debug|Any CPU
		{1E719293-0CCC-49CD-AF9B-19F6C89BF8F1}.Debug|Any CPU.Build.0 = Debug|Any CPU
		{1E719293-0CCC-49CD-AF9B-19F6C89BF8F1}.Debug|x64.ActiveCfg = Debug|x64
		{1E719293-0CCC-49CD-AF9B-19F6C89BF8F1}.Debug|x64.Build.0 = Debug|x64
		{1E719293-0CCC-49CD-AF9B-19F6C89BF8F1}.Debug|x86.ActiveCfg = Debug|Any CPU
		{1E719293-0CCC-49CD-AF9B-19F6C89BF8F1}.Debug|x86.Build.0 = Debug|Any CPU
		{1E719293-0CCC-49CD-AF9B-19F6C89BF8F1}.Release|Any CPU.ActiveCfg = Release|Any CPU
		{1E719293-0CCC-49CD-AF9B-19F6C89BF8F1}.Release|Any CPU.Build.0 = Release|Any CPU
		{1E719293-0CCC-49CD-AF9B-19F6C89BF8F1}.Release|x64.ActiveCfg = Release|x64
		{1E719293-0CCC-49CD-AF9B-19F6C89BF8F1}.Release|x64.Build.0 = Release|x64
		{1E719293-0CCC-49CD-AF9B-19F6C89BF8F1}.Release|x86.ActiveCfg = Release|Any CPU
		{1E719293-0CCC-49CD-AF9B-19F6C89BF8F1}.Release|x86.Build.0 = Release|Any CPU
		{F604286A-1AFC-4355-8C2C-A998CFCEE979}.Debug|Any CPU.ActiveCfg = Debug|Any CPU
		{F604286A-1AFC-4355-8C2C-A998CFCEE979}.Debug|Any CPU.Build.0 = Debug|Any CPU
		{F604286A-1AFC-4355-8C2C-A998CFCEE979}.Debug|x64.ActiveCfg = Debug|x86
		{F604286A-1AFC-4355-8C2C-A998CFCEE979}.Debug|x64.Build.0 = Debug|x86
		{F604286A-1AFC-4355-8C2C-A998CFCEE979}.Debug|x86.ActiveCfg = Debug|x86
		{F604286A-1AFC-4355-8C2C-A998CFCEE979}.Debug|x86.Build.0 = Debug|x86
		{F604286A-1AFC-4355-8C2C-A998CFCEE979}.Release|Any CPU.ActiveCfg = Release|x86
		{F604286A-1AFC-4355-8C2C-A998CFCEE979}.Release|Any CPU.Build.0 = Release|x86
		{F604286A-1AFC-4355-8C2C-A998CFCEE979}.Release|x64.ActiveCfg = Release|x86
		{F604286A-1AFC-4355-8C2C-A998CFCEE979}.Release|x64.Build.0 = Release|x86
		{F604286A-1AFC-4355-8C2C-A998CFCEE979}.Release|x86.ActiveCfg = Release|x86
		{F604286A-1AFC-4355-8C2C-A998CFCEE979}.Release|x86.Build.0 = Release|x86
		{B6377385-4F1F-465A-9A85-389C99BFCA74}.Debug|Any CPU.ActiveCfg = Debug|Any CPU
		{B6377385-4F1F-465A-9A85-389C99BFCA74}.Debug|Any CPU.Build.0 = Debug|Any CPU
		{B6377385-4F1F-465A-9A85-389C99BFCA74}.Debug|x64.ActiveCfg = Debug|x64
		{B6377385-4F1F-465A-9A85-389C99BFCA74}.Debug|x64.Build.0 = Debug|x64
		{B6377385-4F1F-465A-9A85-389C99BFCA74}.Debug|x86.ActiveCfg = Debug|Any CPU
		{B6377385-4F1F-465A-9A85-389C99BFCA74}.Debug|x86.Build.0 = Debug|Any CPU
		{B6377385-4F1F-465A-9A85-389C99BFCA74}.Release|Any CPU.ActiveCfg = Release|Any CPU
		{B6377385-4F1F-465A-9A85-389C99BFCA74}.Release|Any CPU.Build.0 = Release|Any CPU
		{B6377385-4F1F-465A-9A85-389C99BFCA74}.Release|x64.ActiveCfg = Release|Any CPU
		{B6377385-4F1F-465A-9A85-389C99BFCA74}.Release|x64.Build.0 = Release|Any CPU
		{B6377385-4F1F-465A-9A85-389C99BFCA74}.Release|x86.ActiveCfg = Release|Any CPU
		{B6377385-4F1F-465A-9A85-389C99BFCA74}.Release|x86.Build.0 = Release|Any CPU
	EndGlobalSection
	GlobalSection(SolutionProperties) = preSolution
		HideSolutionNode = FALSE
	EndGlobalSection
	GlobalSection(ExtensibilityGlobals) = postSolution
		SolutionGuid = {B2BD1453-BE75-4DB0-82D6-548FC1684438}
	EndGlobalSection
EndGlobal
